
Microsoft Visual Studio Solution File, Format Version 12.00
# Visual Studio Version 16
VisualStudioVersion = 16.0.30114.105
MinimumVisualStudioVersion = 10.0.40219.1
Project("{FAE04EC0-301F-11D3-BF4B-00C04F79EFBC}") = "Color", "Color\Color.csproj", "{871DEC00-415F-4B93-B877-BF540B81A807}"
EndProject
Project("{FAE04EC0-301F-11D3-BF4B-00C04F79EFBC}") = "ColorNUnitTests", "ColorNUnitTests\ColorNUnitTests.csproj", "{8FB0B3BC-0052-44BE-9079-97CABE0B45FB}"
EndProject
Global
	GlobalSection(SolutionConfigurationPlatforms) = preSolution
		Debug|Any CPU = Debug|Any CPU
		Release|Any CPU = Release|Any CPU
	EndGlobalSection
	GlobalSection(SolutionProperties) = preSolution
		HideSolutionNode = FALSE
	EndGlobalSection
	GlobalSection(ProjectConfigurationPlatforms) = postSolution
		{871DEC00-415F-4B93-B877-BF540B81A807}.Debug|Any CPU.ActiveCfg = Debug|Any CPU
		{871DEC00-415F-4B93-B877-BF540B81A807}.Debug|Any CPU.Build.0 = Debug|Any CPU
		{871DEC00-415F-4B93-B877-BF540B81A807}.Release|Any CPU.ActiveCfg = Release|Any CPU
		{871DEC00-415F-4B93-B877-BF540B81A807}.Release|Any CPU.Build.0 = Release|Any CPU
		{8FB0B3BC-0052-44BE-9079-97CABE0B45FB}.Debug|Any CPU.ActiveCfg = Debug|Any CPU
		{8FB0B3BC-0052-44BE-9079-97CABE0B45FB}.Debug|Any CPU.Build.0 = Debug|Any CPU
		{8FB0B3BC-0052-44BE-9079-97CABE0B45FB}.Release|Any CPU.ActiveCfg = Release|Any CPU
		{8FB0B3BC-0052-44BE-9079-97CABE0B45FB}.Release|Any CPU.Build.0 = Release|Any CPU
	EndGlobalSection
EndGlobal
